
Microsoft Visual Studio Solution File, Format Version 12.00
# Visual Studio Version 16
VisualStudioVersion = 16.0.29709.97
MinimumVisualStudioVersion = 10.0.40219.1
Project("{9A19103F-16F7-4668-BE54-9A1E7A4F7556}") = "Sample.FunctionApp", "FunctionApp\Sample.FunctionApp.csproj", "{53DFCD77-905E-4E6A-AF41-94DC6162338C}"
EndProject
Global
	GlobalSection(SolutionConfigurationPlatforms) = preSolution
		Debug|Any CPU = Debug|Any CPU
		Release|Any CPU = Release|Any CPU
	EndGlobalSection
	GlobalSection(ProjectConfigurationPlatforms) = postSolution
		{53DFCD77-905E-4E6A-AF41-94DC6162338C}.Debug|Any CPU.ActiveCfg = Debug|Any CPU
		{53DFCD77-905E-4E6A-AF41-94DC6162338C}.Debug|Any CPU.Build.0 = Debug|Any CPU
		{53DFCD77-905E-4E6A-AF41-94DC6162338C}.Release|Any CPU.ActiveCfg = Release|Any CPU
		{53DFCD77-905E-4E6A-AF41-94DC6162338C}.Release|Any CPU.Build.0 = Release|Any CPU
	EndGlobalSection
	GlobalSection(SolutionProperties) = preSolution
		HideSolutionNode = FALSE
	EndGlobalSection
	GlobalSection(ExtensibilityGlobals) = postSolution
		SolutionGuid = {766C8593-9118-421F-AEC9-16A6030515E2}
	EndGlobalSection
EndGlobal
